version = 1
revision = 2
requires-python = ">=3.10"

[[package]]
name = "dnspython"
version = "2.8.0"
source = { registry = "https://pypi.org/simple" }
sdist = { url = "https://files.pythonhosted.org/packages/8c/8b/57666417c0f90f08bcafa776861060426765fdb422eb10212086fb811d26/dnspython-2.8.0.tar.gz", hash = "sha256:181d3c6996452cb1189c4046c61599b84a5a86e099562ffde77d26984ff26d0f", size = 368251, upload-time = "2025-09-07T18:58:00.022Z" }
wheels = [
    { url = "https://files.pythonhosted.org/packages/ba/5a/18ad964b0086c6e62e2e7500f7edc89e3faa45033c71c1893d34eed2b2de/dnspython-2.8.0-py3-none-any.whl", hash = "sha256:01d9bbc4a2d76bf0db7c1f729812ded6d912bd318d3b1cf81d30c0f845dbf3af", size = 331094, upload-time = "2025-09-07T18:57:58.071Z" },
]

[[package]]
name = "pymongo"
version = "4.15.3"
source = { registry = "https://pypi.org/simple" }
dependencies = [
    { name = "dnspython" },
]
sdist = { url = "https://files.pythonhosted.org/packages/9d/7b/a709c85dc716eb85b69f71a4bb375cf1e72758a7e872103f27551243319c/pymongo-4.15.3.tar.gz", hash = "sha256:7a981271347623b5319932796690c2d301668ac3a1965974ac9f5c3b8a22cea5", size = 2470801, upload-time = "2025-10-07T21:57:50.384Z" }
wheels = [
    { url = "https://files.pythonhosted.org/packages/94/38/7ba7e7b57ccf2b04b63796c097c35b32339b2cb6e4d851d9dbb84426dc99/pymongo-4.15.3-cp310-cp310-macosx_10_9_x86_64.whl", hash = "sha256:482ca9b775747562ce1589df10c97a0e62a604ce5addf933e5819dd967c5e23c", size = 811331, upload-time = "2025-10-07T21:55:59.15Z" },
    { url = "https://files.pythonhosted.org/packages/11/36/4bd2aa400a64935b59d68d1c35c168bf61613f1f2bb824757079b2415cda/pymongo-4.15.3-cp310-cp310-macosx_11_0_arm64.whl", hash = "sha256:c7eb497519f42ac89c30919a51f80e68a070cfc2f3b0543cac74833cd45a6b9c", size = 811673, upload-time = "2025-10-07T21:56:00.712Z" },
    { url = "https://files.pythonhosted.org/packages/37/fb/03c3bd14e6eb5236b360cff8598677c4b7b9557eed3021d9b3f6e82de51d/pymongo-4.15.3-cp310-cp310-manylinux1_i686.manylinux_2_28_i686.manylinux_2_5_i686.whl", hash = "sha256:4a0a054e9937ec8fdb465835509b176f6b032851c8648f6a5d1b19932d0eacd6", size = 1185479, upload-time = "2025-10-07T21:56:02.297Z" },
    { url = "https://files.pythonhosted.org/packages/6d/27/b5f21d9a556e31d083bb17d0c026244a604a96f7bdb277fd48dee99415ee/pymongo-4.15.3-cp310-cp310-manylinux2014_aarch64.manylinux_2_17_aarch64.manylinux_2_28_aarch64.whl", hash = "sha256:49fd6e158cf75771b2685a8a221a40ab96010ae34dd116abd06371dc6c38ab60", size = 1203867, upload-time = "2025-10-07T21:56:03.621Z" },
    { url = "https://files.pythonhosted.org/packages/ba/09/ffe1a114d7a39f6746c27a6f5a717b1dc5ea763cb0458a9a679142f623aa/pymongo-4.15.3-cp310-cp310-manylinux2014_ppc64le.manylinux_2_17_ppc64le.manylinux_2_28_ppc64le.whl", hash = "sha256:82a490f1ade4ec6a72068e3676b04c126e3043e69b38ec474a87c6444cf79098", size = 1242537, upload-time = "2025-10-07T21:56:04.973Z" },
    { url = "https://files.pythonhosted.org/packages/af/60/b7968e855284bb67d366dfb50b6a9df4f69676fbbae51f3e647d2dcb12eb/pymongo-4.15.3-cp310-cp310-manylinux2014_s390x.manylinux_2_17_s390x.manylinux_2_28_s390x.whl", hash = "sha256:982107c667921e896292f4be09c057e2f1a40c645c9bfc724af5dd5fb8398094", size = 1232832, upload-time = "2025-10-07T21:56:06.287Z" },
    { url = "https://files.pythonhosted.org/packages/23/47/763945c63690d5c1a54d1d2ace352ba150b9e49a5cfdf44fb237e092e604/pymongo-4.15.3-cp310-cp310-manylinux2014_x86_64.manylinux_2_17_x86_64.manylinux_2_28_x86_64.whl", hash = "sha256:45aebbd369ca79b7c46eaea5b04d2e4afca4eda117b68965a07a9da05d774e4d", size = 1200177, upload-time = "2025-10-07T21:56:07.671Z" },
    { url = "https://files.pythonhosted.org/packages/ad/c2/1ace9cf4b88addceb5077e5490238a9e20dc9fef75ae4de146f57f408a06/pymongo-4.15.3-cp310-cp310-win32.whl", hash = "sha256:90ad56bd1d769d2f44af74f0fd0c276512361644a3c636350447994412cbc9a1", size = 798320, upload-time = "2025-10-07T21:56:09.917Z" },
    { url = "https://files.pythonhosted.org/packages/1c/b7/86563ec80fc41f644c813a3625d8b5672fd1d2b52da53727eca766dfc162/pymongo-4.15.3-cp310-cp310-win_amd64.whl", hash = "sha256:8bd6dd736f5d07a825caf52c38916d5452edc0fac7aee43ec67aba6f61c2dbb7", size = 808150, upload-time = "2025-10-07T21:56:11.562Z" },
    { url = "https://files.pythonhosted.org/packages/d5/b3/f136483c3d13224ad0b80ac2b7c8f7adb735a296b5e8c94cfc2415b77d70/pymongo-4.15.3-cp310-cp310-win_arm64.whl", hash = "sha256:300eaf83ad053e51966be1839324341b08eaf880d3dc63ada7942d5912e09c49", size = 800930, upload-time = "2025-10-07T21:56:12.917Z" },
    { url = "https://files.pythonhosted.org/packages/73/04/3dbc426c5868961d8308f19750243f8472f587f5f8a5029ce6953ba74b82/pymongo-4.15.3-cp311-cp311-macosx_10_9_x86_64.whl", hash = "sha256:39a13d8f7141294404ce46dfbabb2f2d17e9b1192456651ae831fa351f86fbeb", size = 865889, upload-time = "2025-10-07T21:56:14.165Z" },
    { url = "https://files.pythonhosted.org/packages/8c/39/7f7652f53dd0eb0c4c3420a175183da757e9c53f9a2bf3ebc589758a1b9e/pymongo-4.15.3-cp311-cp311-macosx_11_0_arm64.whl", hash = "sha256:17d13458baf4a6a9f2e787d95adf8ec50d412accb9926a044bd1c41029c323b2", size = 866230, upload-time = "2025-10-07T21:56:15.587Z" },
    { url = "https://files.pythonhosted.org/packages/6a/0b/84e119e6bab7b19cf4fa1ebb9b4c29bf6c0e76521ed8221b44e3f94a3a37/pymongo-4.15.3-cp311-cp311-manylinux1_i686.manylinux_2_28_i686.manylinux_2_5_i686.whl", hash = "sha256:fe4bcb8acfb288e238190397d4a699aeb4adb70e8545a6f4e44f99d4e8096ab1", size = 1429788, upload-time = "2025-10-07T21:56:17.362Z" },
    { url = "https://files.pythonhosted.org/packages/30/39/9905fcb99903de6ac8483114d1c85efe56bc5df735857bdfcc372cf8a3ec/pymongo-4.15.3-cp311-cp311-manylinux2014_aarch64.manylinux_2_17_aarch64.manylinux_2_28_aarch64.whl", hash = "sha256:d09d895c7f08bcbed4d2e96a00e52e9e545ae5a37b32d2dc10099b205a21fc6d", size = 1456758, upload-time = "2025-10-07T21:56:18.841Z" },
    { url = "https://files.pythonhosted.org/packages/08/58/3c3ac32b8d6ebb654083d53f58e4621cd4c7f306b3b85acef667b80acf08/pymongo-4.15.3-cp311-cp311-manylinux2014_ppc64le.manylinux_2_17_ppc64le.manylinux_2_28_ppc64le.whl", hash = "sha256:21c0a95a4db72562fd0805e2f76496bf432ba2e27a5651f4b9c670466260c258", size = 1514666, upload-time = "2025-10-07T21:56:20.488Z" },
    { url = "https://files.pythonhosted.org/packages/19/e2/52f41de224218dc787b7e1187a1ca1a51946dcb979ee553ec917745ccd8d/pymongo-4.15.3-cp311-cp311-manylinux2014_s390x.manylinux_2_17_s390x.manylinux_2_28_s390x.whl", hash = "sha256:89e45d7fa987f4e246cdf43ff001e3f911f73eb19ba9dabc2a6d80df5c97883b", size = 1500703, upload-time = "2025-10-07T21:56:21.874Z" },
    { url = "https://files.pythonhosted.org/packages/34/0d/a5271073339ba6fc8a5f4e3a62baaa5dd8bf35246c37b512317e2a22848e/pymongo-4.15.3-cp311-cp311-manylinux2014_x86_64.manylinux_2_17_x86_64.manylinux_2_28_x86_64.whl", hash = "sha256:1246a82fa6dd73ac2c63aa7e463752d5d1ca91e0c7a23396b78f21273befd3a7", size = 1452013, upload-time = "2025-10-07T21:56:23.526Z" },
    { url = "https://files.pythonhosted.org/packages/a0/3b/f39b721ca0db9f0820e12eeffec84eb87b7502abb13a685226c5434f9618/pymongo-4.15.3-cp311-cp311-win32.whl", hash = "sha256:9483521c03f6017336f54445652ead3145154e8d3ea06418e52cea57fee43292", size = 844461, upload-time = "2025-10-07T21:56:24.867Z" },
    { url = "https://files.pythonhosted.org/packages/12/72/e58b9df862edbf238a1d71fa32749a6eaf30a3f60289602681351c29093a/pymongo-4.15.3-cp311-cp311-win_amd64.whl", hash = "sha256:c57dad9f289d72af1d7c47a444c4d9fa401f951cedbbcc54c7dd0c2107d6d786", size = 859200, upload-time = "2025-10-07T21:56:26.393Z" },
    { url = "https://files.pythonhosted.org/packages/81/8f/64c15df5e87de759412c3b962950561202c9b39e5cc604061e056043e163/pymongo-4.15.3-cp311-cp311-win_arm64.whl", hash = "sha256:2fd3b99520f2bb013960ac29dece1b43f2f1b6d94351ca33ba1b1211ecf79a09", size = 848372, upload-time = "2025-10-07T21:56:27.994Z" },
    { url = "https://files.pythonhosted.org/packages/5b/92/7491a2046b41bfd3641da0a23529c88e27eac67c681de3cd9fbef4113d38/pymongo-4.15.3-cp312-cp312-macosx_10_13_x86_64.whl", hash = "sha256:bd0497c564b0ae34fb816464ffc09986dd9ca29e2772a0f7af989e472fecc2ad", size = 920953, upload-time = "2025-10-07T21:56:29.737Z" },
    { url = "https://files.pythonhosted.org/packages/ce/0c/98864cbfa8fbc954ae7480c91a35f0dc4e3339dab0c55f669e4dbeac808f/pymongo-4.15.3-cp312-cp312-macosx_11_0_arm64.whl", hash = "sha256:292fd5a3f045751a823a54cdea75809b2216a62cc5f74a1a96b337db613d46a8", size = 920690, upload-time = "2025-10-07T21:56:31.094Z" },
    { url = "https://files.pythonhosted.org/packages/b8/a6/7dc8043a10a1c30153be2d6847ab37911b169d53a6b05d21871b35b3de82/pymongo-4.15.3-cp312-cp312-manylinux1_i686.manylinux_2_28_i686.manylinux_2_5_i686.whl", hash = "sha256:959ef69c5e687b6b749fbf2140c7062abdb4804df013ae0507caabf30cba6875", size = 1690357, upload-time = "2025-10-07T21:56:32.466Z" },
    { url = "https://files.pythonhosted.org/packages/0b/96/3d85da60094d2022217f2849e1b61a79af9d51ed8d05455d7413d68ab88e/pymongo-4.15.3-cp312-cp312-manylinux2014_aarch64.manylinux_2_17_aarch64.manylinux_2_28_aarch64.whl", hash = "sha256:de3bc878c3be54ae41c2cabc9e9407549ed4fec41f4e279c04e840dddd7c630c", size = 1726102, upload-time = "2025-10-07T21:56:33.952Z" },
    { url = "https://files.pythonhosted.org/packages/ac/fd/dfd6ddee0330171f2f52f7e5344c02d25d2dd8dfa95ce0e5e413579f52fd/pymongo-4.15.3-cp312-cp312-manylinux2014_ppc64le.manylinux_2_17_ppc64le.manylinux_2_28_ppc64le.whl", hash = "sha256:07bcc36d11252f24fe671e7e64044d39a13d997b0502c6401161f28cc144f584", size = 1800630, upload-time = "2025-10-07T21:56:35.632Z" },
    { url = "https://files.pythonhosted.org/packages/1c/3b/e19a5f2de227ff720bc76c41d166d508e6fbe1096ba1ad18ade43b790b5e/pymongo-4.15.3-cp312-cp312-manylinux2014_s390x.manylinux_2_17_s390x.manylinux_2_28_s390x.whl", hash = "sha256:b63bac343b79bd209e830aac1f5d9d552ff415f23a924d3e51abbe3041265436", size = 1785478, upload-time = "2025-10-07T21:56:37.39Z" },
    { url = "https://files.pythonhosted.org/packages/75/d2/927c9b1383c6708fc50c3700ecb1c2876e67dde95ad5fb1d29d04e8ac083/pymongo-4.15.3-cp312-cp312-manylinux2014_x86_64.manylinux_2_17_x86_64.manylinux_2_28_x86_64.whl", hash = "sha256:b33d59bf6fa1ca1d7d96d4fccff51e41312358194190d53ef70a84c070f5287e", size = 1718548, upload-time = "2025-10-07T21:56:38.754Z" },
    { url = "https://files.pythonhosted.org/packages/fe/10/a63592d1445f894b18d04865c2d4c235e2261f3d63f31f45ba4fe0486ec4/pymongo-4.15.3-cp312-cp312-win32.whl", hash = "sha256:b3a0ec660d61efb91c16a5962ec937011fe3572c4338216831f102e53d294e5c", size = 891301, upload-time = "2025-10-07T21:56:40.043Z" },
    { url = "https://files.pythonhosted.org/packages/be/ba/a8fdc43044408ed769c83108fa569aa52ee87968bdbf1e2ea142b109c268/pymongo-4.15.3-cp312-cp312-win_amd64.whl", hash = "sha256:f6b0513e5765fdde39f36e6a29a36c67071122b5efa748940ae51075beb5e4bc", size = 910928, upload-time = "2025-10-07T21:56:41.401Z" },
    { url = "https://files.pythonhosted.org/packages/b4/61/d53c17fdfaa9149864ab1fa84436ae218b72c969f00e4c124e017e461ce6/pymongo-4.15.3-cp312-cp312-win_arm64.whl", hash = "sha256:c4fdd8e6eab8ff77c1c8041792b5f760d48508623cd10b50d5639e73f1eec049", size = 896347, upload-time = "2025-10-07T21:56:43.271Z" },
    { url = "https://files.pythonhosted.org/packages/46/a4/e1ce9d408a1c1bcb1554ff61251b108e16cefd7db91b33faa2afc92294de/pymongo-4.15.3-cp313-cp313-macosx_10_13_x86_64.whl", hash = "sha256:a47a3218f7900f65bf0f36fcd1f2485af4945757360e7e143525db9d715d2010", size = 975329, upload-time = "2025-10-07T21:56:44.674Z" },
    { url = "https://files.pythonhosted.org/packages/74/3c/6796f653d22be43cc0b13c07dbed84133eebbc334ebed4426459b7250163/pymongo-4.15.3-cp313-cp313-macosx_11_0_arm64.whl", hash = "sha256:09440e78dff397b2f34a624f445ac8eb44c9756a2688b85b3bf344d351d198e1", size = 975129, upload-time = "2025-10-07T21:56:46.104Z" },
    { url = "https://files.pythonhosted.org/packages/88/33/22453dbfe11031e89c9cbdfde6405c03960daaf5da1b4dfdd458891846b5/pymongo-4.15.3-cp313-cp313-manylinux1_i686.manylinux_2_28_i686.manylinux_2_5_i686.whl", hash = "sha256:97f9babdb98c31676f97d468f7fe2dc49b8a66fb6900effddc4904c1450196c8", size = 1950979, upload-time = "2025-10-07T21:56:47.877Z" },
    { url = "https://files.pythonhosted.org/packages/ba/07/094598e403112e2410a3376fb7845c69e2ec2dfc5ab5cc00b29dc2d26559/pymongo-4.15.3-cp313-cp313-manylinux2014_aarch64.manylinux_2_17_aarch64.manylinux_2_28_aarch64.whl", hash = "sha256:71413cd8f091ae25b1fec3af7c2e531cf9bdb88ce4079470e64835f6a664282a", size = 1995271, upload-time = "2025-10-07T21:56:49.396Z" },
    { url = "https://files.pythonhosted.org/packages/47/9a/29e44f3dee68defc56e50ed7c9d3802ebf967ab81fefb175d8d729c0f276/pymongo-4.15.3-cp313-cp313-manylinux2014_ppc64le.manylinux_2_17_ppc64le.manylinux_2_28_ppc64le.whl", hash = "sha256:76a8d4de8dceb69f6e06736198ff6f7e1149515ef946f192ff2594d2cc98fc53", size = 2086587, upload-time = "2025-10-07T21:56:50.896Z" },
    { url = "https://files.pythonhosted.org/packages/ff/d5/e9ff16aa57f671349134475b904fd431e7b86e152b01a949aef4f254b2d5/pymongo-4.15.3-cp313-cp313-manylinux2014_s390x.manylinux_2_17_s390x.manylinux_2_28_s390x.whl", hash = "sha256:77353978be9fc9e5fe56369682efed0aac5f92a2a1570704d62b62a3c9e1a24f", size = 2070201, upload-time = "2025-10-07T21:56:52.425Z" },
    { url = "https://files.pythonhosted.org/packages/d6/a3/820772c0b2bbb671f253cfb0bede4cf694a38fb38134f3993d491e23ec11/pymongo-4.15.3-cp313-cp313-manylinux2014_x86_64.manylinux_2_17_x86_64.manylinux_2_28_x86_64.whl", hash = "sha256:9897a837677e3814873d0572f7e5d53c23ce18e274f3b5b87f05fb6eea22615b", size = 1985260, upload-time = "2025-10-07T21:56:54.56Z" },
    { url = "https://files.pythonhosted.org/packages/6e/7b/365ac821aefad7e8d36a4bc472a94429449aade1ccb7805d9ca754df5081/pymongo-4.15.3-cp313-cp313-win32.whl", hash = "sha256:d66da207ccb0d68c5792eaaac984a0d9c6c8ec609c6bcfa11193a35200dc5992", size = 938122, upload-time = "2025-10-07T21:56:55.993Z" },
    { url = "https://files.pythonhosted.org/packages/80/f3/5ca27e1765fa698c677771a1c0e042ef193e207c15f5d32a21fa5b13d8c3/pymongo-4.15.3-cp313-cp313-win_amd64.whl", hash = "sha256:52f40c4b8c00bc53d4e357fe0de13d031c4cddb5d201e1a027db437e8d2887f8", size = 962610, upload-time = "2025-10-07T21:56:57.397Z" },
    { url = "https://files.pythonhosted.org/packages/48/7c/42f0b6997324023e94939f8f32b9a8dd928499f4b5d7b4412905368686b5/pymongo-4.15.3-cp313-cp313-win_arm64.whl", hash = "sha256:fb384623ece34db78d445dd578a52d28b74e8319f4d9535fbaff79d0eae82b3d", size = 944300, upload-time = "2025-10-07T21:56:58.969Z" },
    { url = "https://files.pythonhosted.org/packages/e7/a3/d8aaf9c243ce1319bd2498004a9acccfcfb35a3ef9851abb856993d95255/pymongo-4.15.3-cp314-cp314-macosx_10_13_x86_64.whl", hash = "sha256:dcff15b9157c16bc796765d4d3d151df669322acfb0357e4c3ccd056153f0ff4", size = 1029873, upload-time = "2025-10-07T21:57:00.759Z" },
    { url = "https://files.pythonhosted.org/packages/64/10/91fd7791425ed3b56cbece6c23a36fb2696706a695655d8ea829e5e23c3a/pymongo-4.15.3-cp314-cp314-macosx_11_0_arm64.whl", hash = "sha256:1f681722c9f27e86c49c2e8a838e61b6ecf2285945fd1798bd01458134257834", size = 1029611, upload-time = "2025-10-07T21:57:02.488Z" },
    { url = "https://files.pythonhosted.org/packages/bb/9c/d9cf8d8a181f96877bca7bdec3e6ce135879d5e3d78694ea465833c53a3f/pymongo-4.15.3-cp314-cp314-manylinux1_i686.manylinux_2_28_i686.manylinux_2_5_i686.whl", hash = "sha256:2c96dde79bdccd167b930a709875b0cd4321ac32641a490aebfa10bdcd0aa99b", size = 2211827, upload-time = "2025-10-07T21:57:03.907Z" },
    { url = "https://files.pythonhosted.org/packages/c2/40/12703964305216c155284100124222eaa955300a07d426c6e0ba3c9cbade/pymongo-4.15.3-cp314-cp314-manylinux2014_aarch64.manylinux_2_17_aarch64.manylinux_2_28_aarch64.whl", hash = "sha256:d2d4ca446348d850ac4a5c3dc603485640ae2e7805dbb90765c3ba7d79129b37", size = 2264654, upload-time = "2025-10-07T21:57:05.41Z" },
    { url = "https://files.pythonhosted.org/packages/0f/70/bf3c18b5d0cae0b9714158b210b07b5891a875eb1c503271cfe045942fd3/pymongo-4.15.3-cp314-cp314-manylinux2014_ppc64le.manylinux_2_17_ppc64le.manylinux_2_28_ppc64le.whl", hash = "sha256:7c0fd3de3a12ff0a8113a3f64cedb01f87397ab8eaaffa88d7f18ca66cd39385", size = 2371830, upload-time = "2025-10-07T21:57:06.9Z" },
    { url = "https://files.pythonhosted.org/packages/21/6d/2dfaed2ae66304ab842d56ed9a1bd2706ca0ecf97975b328a5eeceb2a4c0/pymongo-4.15.3-cp314-cp314-manylinux2014_s390x.manylinux_2_17_s390x.manylinux_2_28_s390x.whl", hash = "sha256:e84dec392cf5f72d365e0aac73f627b0a3170193ebb038c3f7e7df11b7983ee7", size = 2351878, upload-time = "2025-10-07T21:57:08.92Z" },
    { url = "https://files.pythonhosted.org/packages/17/ed/fe46ff9adfa6dc11ad2e0694503adfc98f40583cfcc6db4dbaf582f0e357/pymongo-4.15.3-cp314-cp314-manylinux2014_x86_64.manylinux_2_17_x86_64.manylinux_2_28_x86_64.whl", hash = "sha256:8d4b01a48369ea6d5bc83fea535f56279f806aa3e4991189f0477696dd736289", size = 2251356, upload-time = "2025-10-07T21:57:10.51Z" },
    { url = "https://files.pythonhosted.org/packages/12/c4/2e1a10b1e9bca9c106f2dc1b89d4ad70c63d387c194b3a1bfcca552b5a3f/pymongo-4.15.3-cp314-cp314-win32.whl", hash = "sha256:3561fa96c3123275ec5ccf919e595547e100c412ec0894e954aa0da93ecfdb9e", size = 992878, upload-time = "2025-10-07T21:57:12.119Z" },
    { url = "https://files.pythonhosted.org/packages/98/b5/14aa417a44ea86d4c31de83b26f6e6793f736cd60e7e7fda289ce5184bdf/pymongo-4.15.3-cp314-cp314-win_amd64.whl", hash = "sha256:9df2db6bd91b07400879b6ec89827004c0c2b55fc606bb62db93cafb7677c340", size = 1021209, upload-time = "2025-10-07T21:57:13.686Z" },
    { url = "https://files.pythonhosted.org/packages/94/9f/1097c6824fa50a4ffb11ba5194d2a9ef68d5509dd342e32ddb697d2efe4e/pymongo-4.15.3-cp314-cp314-win_arm64.whl", hash = "sha256:ff99864085d2c7f4bb672c7167680ceb7d273e9a93c1a8074c986a36dbb71cc6", size = 1000618, upload-time = "2025-10-07T21:57:15.212Z" },
    { url = "https://files.pythonhosted.org/packages/ad/31/37c76607a4f793f4491611741fa7a7c4238b956f48c4a9505cea0b5cf7ef/pymongo-4.15.3-cp314-cp314t-macosx_10_13_x86_64.whl", hash = "sha256:ffe217d2502f3fba4e2b0dc015ce3b34f157b66dfe96835aa64432e909dd0d95", size = 1086576, upload-time = "2025-10-07T21:57:16.742Z" },
    { url = "https://files.pythonhosted.org/packages/92/b2/6d17d279cdd293eeeb0c9d5baeb4f8cdebb45354fd81cfcef2d1c69303ab/pymongo-4.15.3-cp314-cp314t-macosx_11_0_arm64.whl", hash = "sha256:390c4954c774eda280898e73aea36482bf20cba3ecb958dbb86d6a68b9ecdd68", size = 1086656, upload-time = "2025-10-07T21:57:18.774Z" },
    { url = "https://files.pythonhosted.org/packages/55/fd/c5da8619beca207d7e6231f24ed269cb537c5311dad59fd9f2ef7d43204a/pymongo-4.15.3-cp314-cp314t-manylinux1_i686.manylinux_2_28_i686.manylinux_2_5_i686.whl", hash = "sha256:7dd2a49f088890ca08930bbf96121443b48e26b02b84ba0a3e1ae2bf2c5a9b48", size = 2531646, upload-time = "2025-10-07T21:57:20.63Z" },
    { url = "https://files.pythonhosted.org/packages/93/8f/66a7e12b874f41eb205f352b3a719e5a964b5ba103996f6ac45e80560111/pymongo-4.15.3-cp314-cp314t-manylinux2014_aarch64.manylinux_2_17_aarch64.manylinux_2_28_aarch64.whl", hash = "sha256:5f6feb678f26171f2a6b2cbb340949889154c7067972bd4cc129b62161474f08", size = 2603799, upload-time = "2025-10-07T21:57:22.591Z" },
    { url = "https://files.pythonhosted.org/packages/10/98/baf0d1f8016087500899cc4ae14e591f29b016c643e99ab332fcafe6f7bc/pymongo-4.15.3-cp314-cp314t-manylinux2014_ppc64le.manylinux_2_17_ppc64le.manylinux_2_28_ppc64le.whl", hash = "sha256:446417a34ff6c2411ce3809e17ce9a67269c9f1cb4966b01e49e0c590cc3c6b3", size = 2725238, upload-time = "2025-10-07T21:57:24.091Z" },
    { url = "https://files.pythonhosted.org/packages/c9/a2/112d8d3882d6e842f501e166fbe08dfc2bc9a35f8773cbcaa804f7991043/pymongo-4.15.3-cp314-cp314t-manylinux2014_s390x.manylinux_2_17_s390x.manylinux_2_28_s390x.whl", hash = "sha256:cfa4a0a0f024a0336640e1201994e780a17bda5e6a7c0b4d23841eb9152e868b", size = 2704837, upload-time = "2025-10-07T21:57:25.626Z" },
    { url = "https://files.pythonhosted.org/packages/38/fe/043a9aac7b3fba5b8e216f48359bd18fdbe46a4d93b081786f773b25e997/pymongo-4.15.3-cp314-cp314t-manylinux2014_x86_64.manylinux_2_17_x86_64.manylinux_2_28_x86_64.whl", hash = "sha256:9b03db2fe37c950aff94b29ded5c349b23729bccd90a0a5907bbf807d8c77298", size = 2582294, upload-time = "2025-10-07T21:57:27.221Z" },
    { url = "https://files.pythonhosted.org/packages/5b/fe/7a6a6b331d9f2024ab171028ab53d5d9026959b1d713fe170be591a4d9a8/pymongo-4.15.3-cp314-cp314t-win32.whl", hash = "sha256:e7cde58ef6470c0da922b65e885fb1ffe04deef81e526bd5dea429290fa358ca", size = 1043993, upload-time = "2025-10-07T21:57:28.727Z" },
    { url = "https://files.pythonhosted.org/packages/70/c8/bc64321711e19bd48ea3371f0082f10295c433833245d73e7606d3b9afbe/pymongo-4.15.3-cp314-cp314t-win_amd64.whl", hash = "sha256:fae552767d8e5153ed498f1bca92d905d0d46311d831eefb0f06de38f7695c95", size = 1078481, upload-time = "2025-10-07T21:57:30.372Z" },
    { url = "https://files.pythonhosted.org/packages/39/31/2bb2003bb978eb25dfef7b5f98e1c2d4a86e973e63b367cc508a9308d31c/pymongo-4.15.3-cp314-cp314t-win_arm64.whl", hash = "sha256:47ffb068e16ae5e43580d5c4e3b9437f05414ea80c32a1e5cac44a835859c259", size = 1051179, upload-time = "2025-10-07T21:57:31.829Z" },
]

[[package]]
name = "python-dotenv"
version = "1.2.1"
source = { registry = "https://pypi.org/simple" }
sdist = { url = "https://files.pythonhosted.org/packages/f0/26/19cadc79a718c5edbec86fd4919a6b6d3f681039a2f6d66d14be94e75fb9/python_dotenv-1.2.1.tar.gz", hash = "sha256:42667e897e16ab0d66954af0e60a9caa94f0fd4ecf3aaf6d2d260eec1aa36ad6", size = 44221, upload-time = "2025-10-26T15:12:10.434Z" }
wheels = [
    { url = "https://files.pythonhosted.org/packages/14/1b/a298b06749107c305e1fe0f814c6c74aea7b2f1e10989cb30f544a1b3253/python_dotenv-1.2.1-py3-none-any.whl", hash = "sha256:b81ee9561e9ca4004139c6cbba3a238c32b03e4894671e181b671e8cb8425d61", size = 21230, upload-time = "2025-10-26T15:12:09.109Z" },
]

[[package]]
name = "scraper"
version = "0.1.0"
source = { virtual = "." }
dependencies = [
    { name = "pymongo" },
    { name = "python-dotenv" },
]

[package.metadata]
requires-dist = [
    { name = "pymongo", specifier = ">=4.6.0" },
    { name = "python-dotenv", specifier = ">=1.0.0" },
]
